
Microsoft Visual Studio Solution File, Format Version 12.00
# Visual Studio Version 17
VisualStudioVersion = 17.8.34525.116
MinimumVisualStudioVersion = 10.0.40219.1
Project("{FAE04EC0-301F-11D3-BF4B-00C04F79EFBC}") = "Airbus", "Airbus\Airbus.csproj", "{0DECE0A5-07D4-4648-9B43-FDF29431D06C}"
EndProject
Global
	GlobalSection(SolutionConfigurationPlatforms) = preSolution
		Debug|Any CPU = Debug|Any CPU
		Release|Any CPU = Release|Any CPU
	EndGlobalSection
	GlobalSection(ProjectConfigurationPlatforms) = postSolution
		{0DECE0A5-07D4-4648-9B43-FDF29431D06C}.Debug|Any CPU.ActiveCfg = Debug|Any CPU
		{0DECE0A5-07D4-4648-9B43-FDF29431D06C}.Debug|Any CPU.Build.0 = Debug|Any CPU
		{0DECE0A5-07D4-4648-9B43-FDF29431D06C}.Release|Any CPU.ActiveCfg = Release|Any CPU
		{0DECE0A5-07D4-4648-9B43-FDF29431D06C}.Release|Any CPU.Build.0 = Release|Any CPU
	EndGlobalSection
	GlobalSection(SolutionProperties) = preSolution
		HideSolutionNode = FALSE
	EndGlobalSection
	GlobalSection(ExtensibilityGlobals) = postSolution
		SolutionGuid = {DDD904D9-575B-48E2-8C80-33A31B1BCFC0}
	EndGlobalSection
EndGlobal
